{
  "name": "Minigames",
  "version": "1.0.0",
  "lockfileVersion": 3,
  "requires": true,
  "packages": {
    "": {
      "name": "Minigames",
      "version": "1.0.0",
      "dependencies": {
        "markdown-it": "^14.1.0",
        "slimdown-js": "^1.0.0"
      },
      "devDependencies": {
        "typescript": "^5.5.3"
      }
    }
  }
}
